
Microsoft Visual Studio Solution File, Format Version 12.00
# Visual Studio Version 16
VisualStudioVersion = 16.0.30611.23
MinimumVisualStudioVersion = 10.0.40219.1
Project("{2150E333-8FDC-42A3-9474-1A3956D46DE8}") = "Model", "Model", "{679F0BF9-39FC-43C1-AC6A-5BA222E1414C}"
EndProject
Project("{2150E333-8FDC-42A3-9474-1A3956D46DE8}") = "View", "View", "{6AB02114-F78A-4C94-B1B9-96055CFBDB1C}"
EndProject
Project("{2150E333-8FDC-42A3-9474-1A3956D46DE8}") = "Controller", "Controller", "{347181EA-3A48-49FB-9B7E-9BDEC5DCE22C}"
EndProject
Project("{FAE04EC0-301F-11D3-BF4B-00C04F79EFBC}") = "TrackingService", "Controller\TrackingService\TrackingService.csproj", "{71D3AE7A-4A53-4818-B425-720D25666A04}"
EndProject
Project("{FAE04EC0-301F-11D3-BF4B-00C04F79EFBC}") = "ServiceStorage", "Model\ServiceStorage\ServiceStorage.csproj", "{4F724BF3-0C29-48B9-98A9-049E2E7BF2C9}"
EndProject
Project("{2150E333-8FDC-42A3-9474-1A3956D46DE8}") = "TestService", "TestService", "{7562A833-84BD-41C5-BEB3-57BE356293D6}"
EndProject
Project("{FAE04EC0-301F-11D3-BF4B-00C04F79EFBC}") = "ConsoleHosting", "TestService\ConsoleHosting\ConsoleHosting.csproj", "{23D8822F-0CB2-49F7-AF03-D98358B32B8F}"
EndProject
Project("{FAE04EC0-301F-11D3-BF4B-00C04F79EFBC}") = "ProductsService", "TestService\ProductsService\ProductsService.csproj", "{1125BEA6-8655-4A96-827B-92AE52C4440C}"
EndProject
Project("{2150E333-8FDC-42A3-9474-1A3956D46DE8}") = "Resources", "Resources", "{5BE69DC8-5412-45AB-B77D-EA91DC8DFE9F}"
	ProjectSection(SolutionItems) = preProject
		..\.gitignore = ..\.gitignore
	EndProjectSection
EndProject
Project("{2150E333-8FDC-42A3-9474-1A3956D46DE8}") = "Tests", "Tests", "{AF397F17-118A-4E37-B4C6-023337D9AD4A}"
EndProject
Project("{9A19103F-16F7-4668-BE54-9A1E7A4F7556}") = "TrackingserviceTests", "Tests\TrackingserviceTests\TrackingserviceTests.csproj", "{D8B24015-C973-481D-BC9D-FA9B1E6A3537}"
EndProject
Project("{FAE04EC0-301F-11D3-BF4B-00C04F79EFBC}") = "ConsoleApp", "View\ConsoleApp\ConsoleApp.csproj", "{71EE48CD-D006-41CF-BD40-BEA6F5919519}"
EndProject
Project("{FAE04EC0-301F-11D3-BF4B-00C04F79EFBC}") = "DataStorage", "Model\DataStorage\DataStorage.csproj", "{250A48AB-8453-4E42-9C32-CA79C94707B2}"
EndProject
Project("{FAE04EC0-301F-11D3-BF4B-00C04F79EFBC}") = "GUI", "View\GUI\GUI.csproj", "{63AF93AC-BDF4-4B55-9E09-AE4DAF490A90}"
EndProject
Project("{FAE04EC0-301F-11D3-BF4B-00C04F79EFBC}") = "ServiceFarm", "TestService\ServiceFarm\ServiceFarm.csproj", "{B7462A30-D90B-437C-BDBF-1B1E6EB90888}"
EndProject
Project("{FAE04EC0-301F-11D3-BF4B-00C04F79EFBC}") = "DTO", "Model\DTO\DTO.csproj", "{4DD74514-892C-4261-8AB7-465B3889A59E}"
EndProject
Project("{9A19103F-16F7-4668-BE54-9A1E7A4F7556}") = "SqlHelper", "Model\SqlHelper\SqlHelper.csproj", "{A57A1393-6C1D-4EF1-9FB3-7E68B614A4F6}"
EndProject
Project("{FAE04EC0-301F-11D3-BF4B-00C04F79EFBC}") = "DataStorageTests", "DataStorageTests\DataStorageTests.csproj", "{1D76A089-2256-4A9F-863F-19C795E52C8C}"
EndProject
Global
	GlobalSection(SolutionConfigurationPlatforms) = preSolution
		Debug|Any CPU = Debug|Any CPU
		Debug|x86 = Debug|x86
		Release|Any CPU = Release|Any CPU
		Release|x86 = Release|x86
	EndGlobalSection
	GlobalSection(ProjectConfigurationPlatforms) = postSolution
		{71D3AE7A-4A53-4818-B425-720D25666A04}.Debug|Any CPU.ActiveCfg = Debug|Any CPU
		{71D3AE7A-4A53-4818-B425-720D25666A04}.Debug|Any CPU.Build.0 = Debug|Any CPU
		{71D3AE7A-4A53-4818-B425-720D25666A04}.Debug|x86.ActiveCfg = Debug|Any CPU
		{71D3AE7A-4A53-4818-B425-720D25666A04}.Debug|x86.Build.0 = Debug|Any CPU
		{71D3AE7A-4A53-4818-B425-720D25666A04}.Release|Any CPU.ActiveCfg = Release|Any CPU
		{71D3AE7A-4A53-4818-B425-720D25666A04}.Release|Any CPU.Build.0 = Release|Any CPU
		{71D3AE7A-4A53-4818-B425-720D25666A04}.Release|x86.ActiveCfg = Release|Any CPU
		{71D3AE7A-4A53-4818-B425-720D25666A04}.Release|x86.Build.0 = Release|Any CPU
		{4F724BF3-0C29-48B9-98A9-049E2E7BF2C9}.Debug|Any CPU.ActiveCfg = Debug|Any CPU
		{4F724BF3-0C29-48B9-98A9-049E2E7BF2C9}.Debug|Any CPU.Build.0 = Debug|Any CPU
		{4F724BF3-0C29-48B9-98A9-049E2E7BF2C9}.Debug|x86.ActiveCfg = Debug|Any CPU
		{4F724BF3-0C29-48B9-98A9-049E2E7BF2C9}.Debug|x86.Build.0 = Debug|Any CPU
		{4F724BF3-0C29-48B9-98A9-049E2E7BF2C9}.Release|Any CPU.ActiveCfg = Release|Any CPU
		{4F724BF3-0C29-48B9-98A9-049E2E7BF2C9}.Release|Any CPU.Build.0 = Release|Any CPU
		{4F724BF3-0C29-48B9-98A9-049E2E7BF2C9}.Release|x86.ActiveCfg = Release|Any CPU
		{4F724BF3-0C29-48B9-98A9-049E2E7BF2C9}.Release|x86.Build.0 = Release|Any CPU
		{23D8822F-0CB2-49F7-AF03-D98358B32B8F}.Debug|Any CPU.ActiveCfg = Debug|Any CPU
		{23D8822F-0CB2-49F7-AF03-D98358B32B8F}.Debug|Any CPU.Build.0 = Debug|Any CPU
		{23D8822F-0CB2-49F7-AF03-D98358B32B8F}.Debug|x86.ActiveCfg = Debug|x86
		{23D8822F-0CB2-49F7-AF03-D98358B32B8F}.Debug|x86.Build.0 = Debug|x86
		{23D8822F-0CB2-49F7-AF03-D98358B32B8F}.Release|Any CPU.ActiveCfg = Release|Any CPU
		{23D8822F-0CB2-49F7-AF03-D98358B32B8F}.Release|Any CPU.Build.0 = Release|Any CPU
		{23D8822F-0CB2-49F7-AF03-D98358B32B8F}.Release|x86.ActiveCfg = Release|x86
		{23D8822F-0CB2-49F7-AF03-D98358B32B8F}.Release|x86.Build.0 = Release|x86
		{1125BEA6-8655-4A96-827B-92AE52C4440C}.Debug|Any CPU.ActiveCfg = Debug|Any CPU
		{1125BEA6-8655-4A96-827B-92AE52C4440C}.Debug|Any CPU.Build.0 = Debug|Any CPU
		{1125BEA6-8655-4A96-827B-92AE52C4440C}.Debug|x86.ActiveCfg = Debug|x86
		{1125BEA6-8655-4A96-827B-92AE52C4440C}.Debug|x86.Build.0 = Debug|x86
		{1125BEA6-8655-4A96-827B-92AE52C4440C}.Release|Any CPU.ActiveCfg = Release|Any CPU
		{1125BEA6-8655-4A96-827B-92AE52C4440C}.Release|Any CPU.Build.0 = Release|Any CPU
		{1125BEA6-8655-4A96-827B-92AE52C4440C}.Release|x86.ActiveCfg = Release|x86
		{1125BEA6-8655-4A96-827B-92AE52C4440C}.Release|x86.Build.0 = Release|x86
		{D8B24015-C973-481D-BC9D-FA9B1E6A3537}.Debug|Any CPU.ActiveCfg = Debug|Any CPU
		{D8B24015-C973-481D-BC9D-FA9B1E6A3537}.Debug|Any CPU.Build.0 = Debug|Any CPU
		{D8B24015-C973-481D-BC9D-FA9B1E6A3537}.Debug|x86.ActiveCfg = Debug|Any CPU
		{D8B24015-C973-481D-BC9D-FA9B1E6A3537}.Debug|x86.Build.0 = Debug|Any CPU
		{D8B24015-C973-481D-BC9D-FA9B1E6A3537}.Release|Any CPU.ActiveCfg = Release|Any CPU
		{D8B24015-C973-481D-BC9D-FA9B1E6A3537}.Release|Any CPU.Build.0 = Release|Any CPU
		{D8B24015-C973-481D-BC9D-FA9B1E6A3537}.Release|x86.ActiveCfg = Release|Any CPU
		{D8B24015-C973-481D-BC9D-FA9B1E6A3537}.Release|x86.Build.0 = Release|Any CPU
		{71EE48CD-D006-41CF-BD40-BEA6F5919519}.Debug|Any CPU.ActiveCfg = Debug|Any CPU
		{71EE48CD-D006-41CF-BD40-BEA6F5919519}.Debug|Any CPU.Build.0 = Debug|Any CPU
		{71EE48CD-D006-41CF-BD40-BEA6F5919519}.Debug|x86.ActiveCfg = Debug|Any CPU
		{71EE48CD-D006-41CF-BD40-BEA6F5919519}.Debug|x86.Build.0 = Debug|Any CPU
		{71EE48CD-D006-41CF-BD40-BEA6F5919519}.Release|Any CPU.ActiveCfg = Release|Any CPU
		{71EE48CD-D006-41CF-BD40-BEA6F5919519}.Release|Any CPU.Build.0 = Release|Any CPU
		{71EE48CD-D006-41CF-BD40-BEA6F5919519}.Release|x86.ActiveCfg = Release|Any CPU
		{71EE48CD-D006-41CF-BD40-BEA6F5919519}.Release|x86.Build.0 = Release|Any CPU
		{250A48AB-8453-4E42-9C32-CA79C94707B2}.Debug|Any CPU.ActiveCfg = Debug|Any CPU
		{250A48AB-8453-4E42-9C32-CA79C94707B2}.Debug|Any CPU.Build.0 = Debug|Any CPU
		{250A48AB-8453-4E42-9C32-CA79C94707B2}.Debug|x86.ActiveCfg = Debug|Any CPU
		{250A48AB-8453-4E42-9C32-CA79C94707B2}.Debug|x86.Build.0 = Debug|Any CPU
		{250A48AB-8453-4E42-9C32-CA79C94707B2}.Release|Any CPU.ActiveCfg = Release|Any CPU
		{250A48AB-8453-4E42-9C32-CA79C94707B2}.Release|Any CPU.Build.0 = Release|Any CPU
		{250A48AB-8453-4E42-9C32-CA79C94707B2}.Release|x86.ActiveCfg = Release|Any CPU
		{250A48AB-8453-4E42-9C32-CA79C94707B2}.Release|x86.Build.0 = Release|Any CPU
		{63AF93AC-BDF4-4B55-9E09-AE4DAF490A90}.Debug|Any CPU.ActiveCfg = Debug|Any CPU
		{63AF93AC-BDF4-4B55-9E09-AE4DAF490A90}.Debug|Any CPU.Build.0 = Debug|Any CPU
		{63AF93AC-BDF4-4B55-9E09-AE4DAF490A90}.Debug|x86.ActiveCfg = Debug|Any CPU
		{63AF93AC-BDF4-4B55-9E09-AE4DAF490A90}.Debug|x86.Build.0 = Debug|Any CPU
		{63AF93AC-BDF4-4B55-9E09-AE4DAF490A90}.Release|Any CPU.ActiveCfg = Release|Any CPU
		{63AF93AC-BDF4-4B55-9E09-AE4DAF490A90}.Release|Any CPU.Build.0 = Release|Any CPU
		{63AF93AC-BDF4-4B55-9E09-AE4DAF490A90}.Release|x86.ActiveCfg = Release|Any CPU
		{63AF93AC-BDF4-4B55-9E09-AE4DAF490A90}.Release|x86.Build.0 = Release|Any CPU
		{B7462A30-D90B-437C-BDBF-1B1E6EB90888}.Debug|Any CPU.ActiveCfg = Debug|Any CPU
		{B7462A30-D90B-437C-BDBF-1B1E6EB90888}.Debug|Any CPU.Build.0 = Debug|Any CPU
		{B7462A30-D90B-437C-BDBF-1B1E6EB90888}.Debug|x86.ActiveCfg = Debug|Any CPU
		{B7462A30-D90B-437C-BDBF-1B1E6EB90888}.Debug|x86.Build.0 = Debug|Any CPU
		{B7462A30-D90B-437C-BDBF-1B1E6EB90888}.Release|Any CPU.ActiveCfg = Release|Any CPU
		{B7462A30-D90B-437C-BDBF-1B1E6EB90888}.Release|Any CPU.Build.0 = Release|Any CPU
		{B7462A30-D90B-437C-BDBF-1B1E6EB90888}.Release|x86.ActiveCfg = Release|Any CPU
		{B7462A30-D90B-437C-BDBF-1B1E6EB90888}.Release|x86.Build.0 = Release|Any CPU
		{4DD74514-892C-4261-8AB7-465B3889A59E}.Debug|Any CPU.ActiveCfg = Debug|Any CPU
		{4DD74514-892C-4261-8AB7-465B3889A59E}.Debug|Any CPU.Build.0 = Debug|Any CPU
		{4DD74514-892C-4261-8AB7-465B3889A59E}.Debug|x86.ActiveCfg = Debug|Any CPU
		{4DD74514-892C-4261-8AB7-465B3889A59E}.Debug|x86.Build.0 = Debug|Any CPU
		{4DD74514-892C-4261-8AB7-465B3889A59E}.Release|Any CPU.ActiveCfg = Release|Any CPU
		{4DD74514-892C-4261-8AB7-465B3889A59E}.Release|Any CPU.Build.0 = Release|Any CPU
		{4DD74514-892C-4261-8AB7-465B3889A59E}.Release|x86.ActiveCfg = Release|Any CPU
		{4DD74514-892C-4261-8AB7-465B3889A59E}.Release|x86.Build.0 = Release|Any CPU
		{A57A1393-6C1D-4EF1-9FB3-7E68B614A4F6}.Debug|Any CPU.ActiveCfg = Debug|Any CPU
		{A57A1393-6C1D-4EF1-9FB3-7E68B614A4F6}.Debug|Any CPU.Build.0 = Debug|Any CPU
		{A57A1393-6C1D-4EF1-9FB3-7E68B614A4F6}.Debug|x86.ActiveCfg = Debug|Any CPU
		{A57A1393-6C1D-4EF1-9FB3-7E68B614A4F6}.Debug|x86.Build.0 = Debug|Any CPU
		{A57A1393-6C1D-4EF1-9FB3-7E68B614A4F6}.Release|Any CPU.ActiveCfg = Release|Any CPU
		{A57A1393-6C1D-4EF1-9FB3-7E68B614A4F6}.Release|Any CPU.Build.0 = Release|Any CPU
		{A57A1393-6C1D-4EF1-9FB3-7E68B614A4F6}.Release|x86.ActiveCfg = Release|Any CPU
		{A57A1393-6C1D-4EF1-9FB3-7E68B614A4F6}.Release|x86.Build.0 = Release|Any CPU
		{1D76A089-2256-4A9F-863F-19C795E52C8C}.Debug|Any CPU.ActiveCfg = Debug|Any CPU
		{1D76A089-2256-4A9F-863F-19C795E52C8C}.Debug|Any CPU.Build.0 = Debug|Any CPU
		{1D76A089-2256-4A9F-863F-19C795E52C8C}.Debug|x86.ActiveCfg = Debug|Any CPU
		{1D76A089-2256-4A9F-863F-19C795E52C8C}.Debug|x86.Build.0 = Debug|Any CPU
		{1D76A089-2256-4A9F-863F-19C795E52C8C}.Release|Any CPU.ActiveCfg = Release|Any CPU
		{1D76A089-2256-4A9F-863F-19C795E52C8C}.Release|Any CPU.Build.0 = Release|Any CPU
		{1D76A089-2256-4A9F-863F-19C795E52C8C}.Release|x86.ActiveCfg = Release|Any CPU
		{1D76A089-2256-4A9F-863F-19C795E52C8C}.Release|x86.Build.0 = Release|Any CPU
	EndGlobalSection
	GlobalSection(SolutionProperties) = preSolution
		HideSolutionNode = FALSE
	EndGlobalSection
	GlobalSection(NestedProjects) = preSolution
		{71D3AE7A-4A53-4818-B425-720D25666A04} = {347181EA-3A48-49FB-9B7E-9BDEC5DCE22C}
		{4F724BF3-0C29-48B9-98A9-049E2E7BF2C9} = {679F0BF9-39FC-43C1-AC6A-5BA222E1414C}
		{23D8822F-0CB2-49F7-AF03-D98358B32B8F} = {7562A833-84BD-41C5-BEB3-57BE356293D6}
		{1125BEA6-8655-4A96-827B-92AE52C4440C} = {7562A833-84BD-41C5-BEB3-57BE356293D6}
		{D8B24015-C973-481D-BC9D-FA9B1E6A3537} = {AF397F17-118A-4E37-B4C6-023337D9AD4A}
		{71EE48CD-D006-41CF-BD40-BEA6F5919519} = {6AB02114-F78A-4C94-B1B9-96055CFBDB1C}
		{250A48AB-8453-4E42-9C32-CA79C94707B2} = {679F0BF9-39FC-43C1-AC6A-5BA222E1414C}
		{63AF93AC-BDF4-4B55-9E09-AE4DAF490A90} = {6AB02114-F78A-4C94-B1B9-96055CFBDB1C}
		{B7462A30-D90B-437C-BDBF-1B1E6EB90888} = {7562A833-84BD-41C5-BEB3-57BE356293D6}
		{4DD74514-892C-4261-8AB7-465B3889A59E} = {679F0BF9-39FC-43C1-AC6A-5BA222E1414C}
		{A57A1393-6C1D-4EF1-9FB3-7E68B614A4F6} = {679F0BF9-39FC-43C1-AC6A-5BA222E1414C}
		{1D76A089-2256-4A9F-863F-19C795E52C8C} = {AF397F17-118A-4E37-B4C6-023337D9AD4A}
	EndGlobalSection
	GlobalSection(ExtensibilityGlobals) = postSolution
		SolutionGuid = {49DDF785-993F-40E5-8816-FD8DC20BDF8E}
	EndGlobalSection
EndGlobal
