
Microsoft Visual Studio Solution File, Format Version 12.00
# Visual Studio Version 16
VisualStudioVersion = 16.0.30611.23
MinimumVisualStudioVersion = 10.0.40219.1
Project("{FAE04EC0-301F-11D3-BF4B-00C04F79EFBC}") = "Service", "Service\Service.csproj", "{C69C0009-96E4-4FE1-915A-7C425BD0DDB2}"
EndProject
Global
	GlobalSection(SolutionConfigurationPlatforms) = preSolution
		Debug|Any CPU = Debug|Any CPU
		Release|Any CPU = Release|Any CPU
	EndGlobalSection
	GlobalSection(ProjectConfigurationPlatforms) = postSolution
		{C69C0009-96E4-4FE1-915A-7C425BD0DDB2}.Debug|Any CPU.ActiveCfg = Debug|Any CPU
		{C69C0009-96E4-4FE1-915A-7C425BD0DDB2}.Debug|Any CPU.Build.0 = Debug|Any CPU
		{C69C0009-96E4-4FE1-915A-7C425BD0DDB2}.Release|Any CPU.ActiveCfg = Release|Any CPU
		{C69C0009-96E4-4FE1-915A-7C425BD0DDB2}.Release|Any CPU.Build.0 = Release|Any CPU
	EndGlobalSection
	GlobalSection(SolutionProperties) = preSolution
		HideSolutionNode = FALSE
	EndGlobalSection
	GlobalSection(ExtensibilityGlobals) = postSolution
		SolutionGuid = {49DDF785-993F-40E5-8816-FD8DC20BDF8E}
	EndGlobalSection
EndGlobal
